
Microsoft Visual Studio Solution File, Format Version 12.00
# Visual Studio Version 16
VisualStudioVersion = 16.0.30406.217
MinimumVisualStudioVersion = 10.0.40219.1
Project("{FAE04EC0-301F-11D3-BF4B-00C04F79EFBC}") = "Lzh's RandomPicture", "Lzh's RandomPicture\Lzh's RandomPicture.csproj", "{CA6418C6-BA55-4BFD-8442-EF8D5BBA36FD}"
EndProject
Global
	GlobalSection(SolutionConfigurationPlatforms) = preSolution
		Debug|Any CPU = Debug|Any CPU
		Release|Any CPU = Release|Any CPU
	EndGlobalSection
	GlobalSection(ProjectConfigurationPlatforms) = postSolution
		{CA6418C6-BA55-4BFD-8442-EF8D5BBA36FD}.Debug|Any CPU.ActiveCfg = Debug|Any CPU
		{CA6418C6-BA55-4BFD-8442-EF8D5BBA36FD}.Debug|Any CPU.Build.0 = Debug|Any CPU
		{CA6418C6-BA55-4BFD-8442-EF8D5BBA36FD}.Release|Any CPU.ActiveCfg = Release|Any CPU
		{CA6418C6-BA55-4BFD-8442-EF8D5BBA36FD}.Release|Any CPU.Build.0 = Release|Any CPU
	EndGlobalSection
	GlobalSection(SolutionProperties) = preSolution
		HideSolutionNode = FALSE
	EndGlobalSection
	GlobalSection(ExtensibilityGlobals) = postSolution
		SolutionGuid = {DE1BF3E6-4386-4E7F-B238-78670C314980}
	EndGlobalSection
EndGlobal
